
Microsoft Visual Studio Solution File, Format Version 12.00
# Visual Studio Version 17
VisualStudioVersion = 17.1.32228.430
MinimumVisualStudioVersion = 10.0.40219.1
Project("{8BC9CEB8-8B4A-11D0-8D11-00A0C91BC942}") = "Project1", "Project1\Project1.vcxproj", "{C5AE1A3B-C522-4B12-8153-25357A8ED27C}"
EndProject
Global
	GlobalSection(SolutionConfigurationPlatforms) = preSolution
		Debug|x64 = Debug|x64
		Debug|x86 = Debug|x86
		Release|x64 = Release|x64
		Release|x86 = Release|x86
	EndGlobalSection
	GlobalSection(ProjectConfigurationPlatforms) = postSolution
		{C5AE1A3B-C522-4B12-8153-25357A8ED27C}.Debug|x64.ActiveCfg = Debug|x64
		{C5AE1A3B-C522-4B12-8153-25357A8ED27C}.Debug|x64.Build.0 = Debug|x64
		{C5AE1A3B-C522-4B12-8153-25357A8ED27C}.Debug|x86.ActiveCfg = Debug|Win32
		{C5AE1A3B-C522-4B12-8153-25357A8ED27C}.Debug|x86.Build.0 = Debug|Win32
		{C5AE1A3B-C522-4B12-8153-25357A8ED27C}.Release|x64.ActiveCfg = Release|x64
		{C5AE1A3B-C522-4B12-8153-25357A8ED27C}.Release|x64.Build.0 = Release|x64
		{C5AE1A3B-C522-4B12-8153-25357A8ED27C}.Release|x86.ActiveCfg = Release|Win32
		{C5AE1A3B-C522-4B12-8153-25357A8ED27C}.Release|x86.Build.0 = Release|Win32
	EndGlobalSection
	GlobalSection(SolutionProperties) = preSolution
		HideSolutionNode = FALSE
	EndGlobalSection
	GlobalSection(ExtensibilityGlobals) = postSolution
		SolutionGuid = {4CF1BF71-4A0A-471E-B42E-55804583560A}
	EndGlobalSection
EndGlobal
